
Microsoft Visual Studio Solution File, Format Version 12.00
# Visual Studio 14
VisualStudioVersion = 14.0.24720.0
MinimumVisualStudioVersion = 10.0.40219.1
Project("{FAE04EC0-301F-11D3-BF4B-00C04F79EFBC}") = "HomeFixers", "HomeFixers\HomeFixers.csproj", "{3B8EC1C7-E448-4704-BDD8-4875697FFA31}"
EndProject
Project("{FAE04EC0-301F-11D3-BF4B-00C04F79EFBC}") = "HomeFixers.Tests", "HomeFixers.Tests\HomeFixers.Tests.csproj", "{FAE2DD44-3D4A-4826-BD0C-B68C5EC8C23F}"
EndProject
Global
	GlobalSection(SolutionConfigurationPlatforms) = preSolution
		Debug|Any CPU = Debug|Any CPU
		Release|Any CPU = Release|Any CPU
	EndGlobalSection
	GlobalSection(ProjectConfigurationPlatforms) = postSolution
		{3B8EC1C7-E448-4704-BDD8-4875697FFA31}.Debug|Any CPU.ActiveCfg = Debug|Any CPU
		{3B8EC1C7-E448-4704-BDD8-4875697FFA31}.Debug|Any CPU.Build.0 = Debug|Any CPU
		{3B8EC1C7-E448-4704-BDD8-4875697FFA31}.Release|Any CPU.ActiveCfg = Release|Any CPU
		{3B8EC1C7-E448-4704-BDD8-4875697FFA31}.Release|Any CPU.Build.0 = Release|Any CPU
		{FAE2DD44-3D4A-4826-BD0C-B68C5EC8C23F}.Debug|Any CPU.ActiveCfg = Debug|Any CPU
		{FAE2DD44-3D4A-4826-BD0C-B68C5EC8C23F}.Debug|Any CPU.Build.0 = Debug|Any CPU
		{FAE2DD44-3D4A-4826-BD0C-B68C5EC8C23F}.Release|Any CPU.ActiveCfg = Release|Any CPU
		{FAE2DD44-3D4A-4826-BD0C-B68C5EC8C23F}.Release|Any CPU.Build.0 = Release|Any CPU
	EndGlobalSection
	GlobalSection(SolutionProperties) = preSolution
		HideSolutionNode = FALSE
	EndGlobalSection
EndGlobal
